PODS:
  - camera_avfoundation (0.0.1):
    - Flutter
  - face_camera (0.0.1):
    - Flutter
  - Flutter (1.0.0)
  - google_mlkit_commons (0.9.0):
    - Flutter
    - MLKitVision
  - google_mlkit_face_detection (0.12.0):
    - Flutter
    - google_mlkit_commons
    - GoogleMLKit/FaceDetection (~> 7.0.0)
  - GoogleDataTransport (10.1.0):
    - nanopb (~> 3.30910.0)
    - PromisesObjC (~> 2.4)
  - GoogleMLKit/FaceDetection (7.0.0):
    - GoogleMLKit/MLKitCore
    - MLKitFaceDetection (~> 6.0.0)
  - GoogleMLKit/MLKitCore (7.0.0):
    - MLKitCommon (~> 12.0.0)
  - GoogleToolboxForMac/Defines (4.2.1)
  - GoogleToolboxForMac/Logger (4.2.1):
    - GoogleToolboxForMac/Defines (= 4.2.1)
  - "GoogleToolboxForMac/NSData+zlib (4.2.1)":
    - GoogleToolboxForMac/Defines (= 4.2.1)
  - GoogleUtilities/Environment (8.0.2):
    - GoogleUtilities/Privacy
  - GoogleUtilities/Logger (8.0.2):
    - GoogleUtilities/Environment
    - GoogleUtilities/Privacy
  - GoogleUtilities/Privacy (8.0.2)
  - GoogleUtilities/UserDefaults (8.0.2):
    - GoogleUtilities/Logger
    - GoogleUtilities/Privacy
  - GTMSessionFetcher/Core (3.5.0)
  - MLImage (1.0.0-beta6)
  - MLKitCommon (12.0.0):
    - GoogleDataTransport (~> 10.0)
    - GoogleToolboxForMac/Logger (< 5.0, >= 4.2.1)
    - "GoogleToolboxForMac/NSData+zlib (< 5.0, >= 4.2.1)"
    - GoogleUtilities/Logger (~> 8.0)
    - GoogleUtilities/UserDefaults (~> 8.0)
    - GTMSessionFetcher/Core (< 4.0, >= 3.3.2)
  - MLKitFaceDetection (6.0.0):
    - MLKitCommon (~> 12.0)
    - MLKitVision (~> 8.0)
  - MLKitVision (8.0.0):
    - GoogleToolboxForMac/Logger (< 5.0, >= 4.2.1)
    - "GoogleToolboxForMac/NSData+zlib (< 5.0, >= 4.2.1)"
    - GTMSessionFetcher/Core (< 4.0, >= 3.3.2)
    - MLImage (= 1.0.0-beta6)
    - MLKitCommon (~> 12.0)
  - nanopb (3.30910.0):
    - nanopb/decode (= 3.30910.0)
    - nanopb/encode (= 3.30910.0)
  - nanopb/decode (3.30910.0)
  - nanopb/encode (3.30910.0)
  - PromisesObjC (2.4.0)

DEPENDENCIES:
  - camera_avfoundation (from `.symlinks/plugins/camera_avfoundation/ios`)
  - face_camera (from `.symlinks/plugins/face_camera/ios`)
  - Flutter (from `Flutter`)
  - google_mlkit_commons (from `.symlinks/plugins/google_mlkit_commons/ios`)
  - google_mlkit_face_detection (from `.symlinks/plugins/google_mlkit_face_detection/ios`)

SPEC REPOS:
  trunk:
    - GoogleDataTransport
    - GoogleMLKit
    - GoogleToolboxForMac
    - GoogleUtilities
    - GTMSessionFetcher
    - MLImage
    - MLKitCommon
    - MLKitFaceDetection
    - MLKitVision
    - nanopb
    - PromisesObjC

EXTERNAL SOURCES:
  camera_avfoundation:
    :path: ".symlinks/plugins/camera_avfoundation/ios"
  face_camera:
    :path: ".symlinks/plugins/face_camera/ios"
  Flutter:
    :path: Flutter
  google_mlkit_commons:
    :path: ".symlinks/plugins/google_mlkit_commons/ios"
  google_mlkit_face_detection:
    :path: ".symlinks/plugins/google_mlkit_face_detection/ios"

SPEC CHECKSUMS:
  camera_avfoundation: 759172d1a77ae7be0de08fc104cfb79738b8a59e
  face_camera: 787c50bc183b37c9b6f9777a1416e5b384b5c234
  Flutter: e0871f40cf51350855a761d2e70bf5af5b9b5de7
  google_mlkit_commons: 384e4e206e122b6dad430d3158205e0b2fac6789
  google_mlkit_face_detection: ff627695d8eba051db7e0f13f7b20d802df1f84c
  GoogleDataTransport: aae35b7ea0c09004c3797d53c8c41f66f219d6a7
  GoogleMLKit: eff9e23ec1d90ea4157a1ee2e32a4f610c5b3318
  GoogleToolboxForMac: d1a2cbf009c453f4d6ded37c105e2f67a32206d8
  GoogleUtilities: 26a3abef001b6533cf678d3eb38fd3f614b7872d
  GTMSessionFetcher: 5aea5ba6bd522a239e236100971f10cb71b96ab6
  MLImage: 0ad1c5f50edd027672d8b26b0fee78a8b4a0fc56
  MLKitCommon: 07c2c33ae5640e5380beaaa6e4b9c249a205542d
  MLKitFaceDetection: 2a593db4837db503ad3426b565e7aab045cefea5
  MLKitVision: 45e79d68845a2de77e2dd4d7f07947f0ed157b0e
  nanopb: fad817b59e0457d11a5dfbde799381cd727c1275
  PromisesObjC: f5707f49cb48b9636751c5b2e7d227e43fba9f47

PODFILE CHECKSUM: b608f9f38d697f18324c25277a50716179fc3f67

COCOAPODS: 1.15.2
